// !$*UTF8*$!
{
	archiveVersion = 1;
	classes = {
	};
	objectVersion = 56;
	objects = {

/* Begin PBXBuildFile section */
		040117772A43E71800E3FEE5 /* FirebaseMessaging in Frameworks */ = {isa = PBXBuildFile; productRef = 040117762A43E71800E3FEE5 /* FirebaseMessaging */; };
		04069BFA2A41916F003B13D5 /* ServerHelper.swift in Sources */ = {isa = PBXBuildFile; fileRef = 04069BF92A41916F003B13D5 /* ServerHelper.swift */; };
		040D28FA2A09DFB4008D1A8D /* DownloadFileView.swift in Sources */ = {isa = PBXBuildFile; fileRef = 040D28F92A09DFB4008D1A8D /* DownloadFileView.swift */; };
		040D28FC2A09E68A008D1A8D /* WLDetailView.swift in Sources */ = {isa = PBXBuildFile; fileRef = 040D28FB2A09E68A008D1A8D /* WLDetailView.swift */; };
		040FC5562A78B20700CD1DE1 /* SpecialView.swift in Sources */ = {isa = PBXBuildFile; fileRef = 040FC5552A78B20700CD1DE1 /* SpecialView.swift */; };
		040FC55A2A78BD3000CD1DE1 /* ShufflePackView.swift in Sources */ = {isa = PBXBuildFile; fileRef = 040FC5592A78BD3000CD1DE1 /* ShufflePackView.swift */; };
		040FC55C2A78BD4200CD1DE1 /* DynamicView.swift in Sources */ = {isa = PBXBuildFile; fileRef = 040FC55B2A78BD4200CD1DE1 /* DynamicView.swift */; };
		040FC55E2A78BD6700CD1DE1 /* DepthEffectView.swift in Sources */ = {isa = PBXBuildFile; fileRef = 040FC55D2A78BD6700CD1DE1 /* DepthEffectView.swift */; };
		040FC5602A78BFB800CD1DE1 /* ShuffleDetailView.swift in Sources */ = {isa = PBXBuildFile; fileRef = 040FC55F2A78BFB800CD1DE1 /* ShuffleDetailView.swift */; };
		040FC5622A78C06D00CD1DE1 /* TutorialShuffleView.swift in Sources */ = {isa = PBXBuildFile; fileRef = 040FC5612A78C06D00CD1DE1 /* TutorialShuffleView.swift */; };
		04184B052A03447000ADB328 /* SearchViewModel.swift in Sources */ = {isa = PBXBuildFile; fileRef = 04184B042A03447000ADB328 /* SearchViewModel.swift */; };
		04184B072A0356EA00ADB328 /* TagView.swift in Sources */ = {isa = PBXBuildFile; fileRef = 04184B062A0356EA00ADB328 /* TagView.swift */; };
		04184B0B2A03623900ADB328 /* WallpaperOnePageDetails.swift in Sources */ = {isa = PBXBuildFile; fileRef = 04184B0A2A03623900ADB328 /* WallpaperOnePageDetails.swift */; };
		04184B0D2A038F3400ADB328 /* CategoryPageView.swift in Sources */ = {isa = PBXBuildFile; fileRef = 04184B0C2A038F3400ADB328 /* CategoryPageView.swift */; };
		04184B112A03ACED00ADB328 /* LiveWallpaperViewModel.swift in Sources */ = {isa = PBXBuildFile; fileRef = 04184B102A03ACED00ADB328 /* LiveWallpaperViewModel.swift */; };
		041C7E172A20472600FB2A61 /* FavoriteViewModel.swift in Sources */ = {isa = PBXBuildFile; fileRef = 041C7E162A20472600FB2A61 /* FavoriteViewModel.swift */; };
		041C7E1A2A2093D400FB2A61 /* OpenAds.swift in Sources */ = {isa = PBXBuildFile; fileRef = 041C7E192A2093D400FB2A61 /* OpenAds.swift */; };
		043374C72A7A530F006BB736 /* TabScrollView.swift in Sources */ = {isa = PBXBuildFile; fileRef = 043374C62A7A530F006BB736 /* TabScrollView.swift */; };
		043F52592A5407BC003477A1 /* arrow.json in Resources */ = {isa = PBXBuildFile; fileRef = 043F52582A5407BC003477A1 /* arrow.json */; };
		0445199D2A9D9F9800125CB1 /* SubInGridHome.swift in Sources */ = {isa = PBXBuildFile; fileRef = 0445199C2A9D9F9800125CB1 /* SubInGridHome.swift */; };
		0445199F2A9DA04B00125CB1 /* Sub_1_View.swift in Sources */ = {isa = PBXBuildFile; fileRef = 0445199E2A9DA04B00125CB1 /* Sub_1_View.swift */; };
		044519A12A9DA05500125CB1 /* Sub_2_View.swift in Sources */ = {isa = PBXBuildFile; fileRef = 044519A02A9DA05500125CB1 /* Sub_2_View.swift */; };
		044519A32A9DA05F00125CB1 /* Sub_3_View.swift in Sources */ = {isa = PBXBuildFile; fileRef = 044519A22A9DA05F00125CB1 /* Sub_3_View.swift */; };
		044519A52A9DD96200125CB1 /* premimujson.json in Resources */ = {isa = PBXBuildFile; fileRef = 044519A42A9DD96200125CB1 /* premimujson.json */; };
		0455CD142A40483B008B0930 /* BuyCoinView.swift in Sources */ = {isa = PBXBuildFile; fileRef = 0455CD132A40483B008B0930 /* BuyCoinView.swift */; };
		048C77602AAAD68400E0D0E3 /* progress.json in Resources */ = {isa = PBXBuildFile; fileRef = 048C775F2AAAD68400E0D0E3 /* progress.json */; };
		048C77622AAADAAE00E0D0E3 /* progress_white.json in Resources */ = {isa = PBXBuildFile; fileRef = 048C77612AAADAAE00E0D0E3 /* progress_white.json */; };
		048F62D32A0888A700141497 /* TutorialView.swift in Sources */ = {isa = PBXBuildFile; fileRef = 048F62D22A0888A700141497 /* TutorialView.swift */; };
		048F62D52A08A84700141497 /* FileSaveViewModel.swift in Sources */ = {isa = PBXBuildFile; fileRef = 048F62D42A08A84700141497 /* FileSaveViewModel.swift */; };
		0490B0C82A38677A006D361B /* giftbox.json in Resources */ = {isa = PBXBuildFile; fileRef = 0490B0C72A38677A006D361B /* giftbox.json */; };
		0490BF522A283C0C009DF873 /* NavigationTransitions in Frameworks */ = {isa = PBXBuildFile; productRef = 0490BF512A283C0C009DF873 /* NavigationTransitions */; };
		04913D932A80CFD800ADCA2D /* PreCode.swift in Sources */ = {isa = PBXBuildFile; fileRef = 04913D922A80CFD800ADCA2D /* PreCode.swift */; };
		049187E429F8D6FC00917B30 /* AnimationEndCallback.swift in Sources */ = {isa = PBXBuildFile; fileRef = 049187E329F8D6FC00917B30 /* AnimationEndCallback.swift */; };
		049187E629F8FF4300917B30 /* MyExtension.swift in Sources */ = {isa = PBXBuildFile; fileRef = 049187E529F8FF4300917B30 /* MyExtension.swift */; };
		049187E829F902CF00917B30 /* HomeView.swift in Sources */ = {isa = PBXBuildFile; fileRef = 049187E729F902CF00917B30 /* HomeView.swift */; };
		049187EB29F9134300917B30 /* FontHelper.swift in Sources */ = {isa = PBXBuildFile; fileRef = 049187EA29F9134300917B30 /* FontHelper.swift */; };
		0491B5572A1F0C260002EB08 /* GoogleMobileAds in Frameworks */ = {isa = PBXBuildFile; productRef = 0491B5562A1F0C260002EB08 /* GoogleMobileAds */; };
		0491B5592A1F0D5C0002EB08 /* RewardAd.swift in Sources */ = {isa = PBXBuildFile; fileRef = 0491B5582A1F0D5B0002EB08 /* RewardAd.swift */; };
		0491B55B2A1F43E70002EB08 /* CommandViewModel.swift in Sources */ = {isa = PBXBuildFile; fileRef = 0491B55A2A1F43E70002EB08 /* CommandViewModel.swift */; };
		04924C222A6682960088D51D /* SDWebImageSwiftUI in Frameworks */ = {isa = PBXBuildFile; productRef = 04924C212A6682960088D51D /* SDWebImageSwiftUI */; };
		04926CDF2A04977A0042FA70 /* AppConfig.swift in Sources */ = {isa = PBXBuildFile; fileRef = 04926CDE2A04977A0042FA70 /* AppConfig.swift */; };
		04926CE12A0499E70042FA70 /* ExclusiveView.swift in Sources */ = {isa = PBXBuildFile; fileRef = 04926CE02A0499E70042FA70 /* ExclusiveView.swift */; };
		049360262A2F312C007B8297 /* FirebaseAnalyticsSwift in Frameworks */ = {isa = PBXBuildFile; productRef = 049360252A2F312C007B8297 /* FirebaseAnalyticsSwift */; };
		0495230929F7C6CB004538DD /* WallpaperIOSApp.swift in Sources */ = {isa = PBXBuildFile; fileRef = 0495230829F7C6CB004538DD /* WallpaperIOSApp.swift */; };
		0495230B29F7C6CB004538DD /* ContentView.swift in Sources */ = {isa = PBXBuildFile; fileRef = 0495230A29F7C6CB004538DD /* ContentView.swift */; };
		0495230D29F7C6CD004538DD /* Assets.xcassets in Resources */ = {isa = PBXBuildFile; fileRef = 0495230C29F7C6CD004538DD /* Assets.xcassets */; };
		0495231029F7C6CD004538DD /* Preview Assets.xcassets in Resources */ = {isa = PBXBuildFile; fileRef = 0495230F29F7C6CD004538DD /* Preview Assets.xcassets */; };
		0495231229F7C6CD004538DD /* Persistence.swift in Sources */ = {isa = PBXBuildFile; fileRef = 0495231129F7C6CD004538DD /* Persistence.swift */; };
		0495231529F7C6CD004538DD /* WallpaperIOS.xcdatamodeld in Sources */ = {isa = PBXBuildFile; fileRef = 0495231329F7C6CD004538DD /* WallpaperIOS.xcdatamodeld */; };
		0495231D29F7C712004538DD /* Enum.swift in Sources */ = {isa = PBXBuildFile; fileRef = 0495231C29F7C712004538DD /* Enum.swift */; };
		0495232329F7D407004538DD /* ScrollOffsetModifier.swift in Sources */ = {isa = PBXBuildFile; fileRef = 0495232229F7D407004538DD /* ScrollOffsetModifier.swift */; };
		049587A22A4D1C5D00BC5376 /* DailyGiftViewModel.swift in Sources */ = {isa = PBXBuildFile; fileRef = 049587A12A4D1C5D00BC5376 /* DailyGiftViewModel.swift */; };
		0496723229F9FF9F00E915D2 /* SearchView.swift in Sources */ = {isa = PBXBuildFile; fileRef = 0496723129F9FF9F00E915D2 /* SearchView.swift */; };
		0496723729FA0DC400E915D2 /* SlideMenuView.swift in Sources */ = {isa = PBXBuildFile; fileRef = 0496723629FA0DC400E915D2 /* SlideMenuView.swift */; };
		0496723929FA2CB100E915D2 /* DownloadedWallpaperView.swift in Sources */ = {isa = PBXBuildFile; fileRef = 0496723829FA2CB100E915D2 /* DownloadedWallpaperView.swift */; };
		0496723B29FA2CCC00E915D2 /* FavoritedWallpaperView.swift in Sources */ = {isa = PBXBuildFile; fileRef = 0496723A29FA2CCC00E915D2 /* FavoritedWallpaperView.swift */; };
		0496724829FA637800E915D2 /* TestView.swift in Sources */ = {isa = PBXBuildFile; fileRef = 0496724729FA637800E915D2 /* TestView.swift */; };
		049BD56F2A37011D00AB2D22 /* WatchRVGetCoindAndBuySubDialog.swift in Sources */ = {isa = PBXBuildFile; fileRef = 049BD56E2A37011D00AB2D22 /* WatchRVGetCoindAndBuySubDialog.swift */; };
		049CCA362A11C603003621E9 /* SubcriptionVIew.swift in Sources */ = {isa = PBXBuildFile; fileRef = 049CCA352A11C603003621E9 /* SubcriptionVIew.swift */; };
		049CCA382A11CB0E003621E9 /* MyStore.swift in Sources */ = {isa = PBXBuildFile; fileRef = 049CCA372A11CB0E003621E9 /* MyStore.swift */; };
		049D37B52A1B0C5300AF5BD5 /* BuyWithCoinDialog.swift in Sources */ = {isa = PBXBuildFile; fileRef = 049D37B42A1B0C5300AF5BD5 /* BuyWithCoinDialog.swift */; };
		049D37B72A1B1AD100AF5BD5 /* VideoListView.swift in Sources */ = {isa = PBXBuildFile; fileRef = 049D37B62A1B1AD100AF5BD5 /* VideoListView.swift */; };
		049D991D2A147AAC009DAA07 /* MainView.swift in Sources */ = {isa = PBXBuildFile; fileRef = 049D991C2A147AAC009DAA07 /* MainView.swift */; };
		049D99202A14BD3C009DAA07 /* Lottie in Frameworks */ = {isa = PBXBuildFile; productRef = 049D991F2A14BD3C009DAA07 /* Lottie */; };
		049D99232A14BD65009DAA07 /* ResizableLottieView.swift in Sources */ = {isa = PBXBuildFile; fileRef = 049D99222A14BD65009DAA07 /* ResizableLottieView.swift */; };
		049D99252A14BFCD009DAA07 /* star.json in Resources */ = {isa = PBXBuildFile; fileRef = 049D99242A14BFCD009DAA07 /* star.json */; };
		049D99272A14C1B6009DAA07 /* viewmore.json in Resources */ = {isa = PBXBuildFile; fileRef = 049D99262A14C1B6009DAA07 /* viewmore.json */; };
		049D99292A14D09A009DAA07 /* ComponentView.swift in Sources */ = {isa = PBXBuildFile; fileRef = 049D99282A14D09A009DAA07 /* ComponentView.swift */; };
		049EFA552A89CEE70050369D /* preview_shuffle.mp4 in Resources */ = {isa = PBXBuildFile; fileRef = 049EFA542A89CEE70050369D /* preview_shuffle.mp4 */; };
		04A1D54C2A1DAA0400853047 /* SplashScreenView.swift in Sources */ = {isa = PBXBuildFile; fileRef = 04A1D54B2A1DAA0400853047 /* SplashScreenView.swift */; };
		04A627472A132E9600F50E5E /* CompositionalView.swift in Sources */ = {isa = PBXBuildFile; fileRef = 04A627462A132E9600F50E5E /* CompositionalView.swift */; };
		04A90CAE2AAEAD58007ED3E2 /* SplashView.swift in Sources */ = {isa = PBXBuildFile; fileRef = 04A90CAD2AAEAD58007ED3E2 /* SplashView.swift */; };
		04AE16152A79F66E008FA3A8 /* BannerAd.swift in Sources */ = {isa = PBXBuildFile; fileRef = 04AE16142A79F66E008FA3A8 /* BannerAd.swift */; };
		04AF70232A85D169002338AC /* bg.mp4 in Resources */ = {isa = PBXBuildFile; fileRef = 04AF701F2A85D169002338AC /* bg.mp4 */; };
		04AF70242A85D169002338AC /* video3.mp4 in Resources */ = {isa = PBXBuildFile; fileRef = 04AF70202A85D169002338AC /* video3.mp4 */; };
		04AF70262A85D169002338AC /* video2.mp4 in Resources */ = {isa = PBXBuildFile; fileRef = 04AF70222A85D169002338AC /* video2.mp4 */; };
		04AF80502A25910A0024AF64 /* InterAds.swift in Sources */ = {isa = PBXBuildFile; fileRef = 04AF804F2A25910A0024AF64 /* InterAds.swift */; };
		04AF80522A259AE40024AF64 /* LivePhoto.swift in Sources */ = {isa = PBXBuildFile; fileRef = 04AF80512A259AE40024AF64 /* LivePhoto.swift */; };
		04AF80542A25DE6E0024AF64 /* PolicyView.swift in Sources */ = {isa = PBXBuildFile; fileRef = 04AF80532A25DE6E0024AF64 /* PolicyView.swift */; };
		04B152812A2D93B7000185FB /* FirebaseRemoteConfigSwift in Frameworks */ = {isa = PBXBuildFile; productRef = 04B152802A2D93B7000185FB /* FirebaseRemoteConfigSwift */; };
		04B1528A2A2DC4A6000185FB /* FlurryHelper.swift in Sources */ = {isa = PBXBuildFile; fileRef = 04B152892A2DC4A6000185FB /* FlurryHelper.swift */; };
		04B1528E2A2DDE92000185FB /* GoogleService-Info.plist in Resources */ = {isa = PBXBuildFile; fileRef = 04B1528D2A2DDE92000185FB /* GoogleService-Info.plist */; };
		04B1F8C52A1C514D006F22E8 /* WatchRVtoGetCoinDialog.swift in Sources */ = {isa = PBXBuildFile; fileRef = 04B1F8C42A1C514D006F22E8 /* WatchRVtoGetCoinDialog.swift */; };
		04B1F8D72A1C76E3006F22E8 /* bold.ttf in Resources */ = {isa = PBXBuildFile; fileRef = 04B1F8D62A1C76E3006F22E8 /* bold.ttf */; };
		04B1F8D92A1C76EE006F22E8 /* italic.ttf in Resources */ = {isa = PBXBuildFile; fileRef = 04B1F8D82A1C76EE006F22E8 /* italic.ttf */; };
		04B1F8DB2A1C76F6006F22E8 /* regular.ttf in Resources */ = {isa = PBXBuildFile; fileRef = 04B1F8DA2A1C76F6006F22E8 /* regular.ttf */; };
		04B1F8DD2A1C9DD1006F22E8 /* ColorHelper.swift in Sources */ = {isa = PBXBuildFile; fileRef = 04B1F8DC2A1C9DD1006F22E8 /* ColorHelper.swift */; };
		04B1F8DF2A1CB7EA006F22E8 /* WatchRVtoGetWLDialog.swift in Sources */ = {isa = PBXBuildFile; fileRef = 04B1F8DE2A1CB7EA006F22E8 /* WatchRVtoGetWLDialog.swift */; };
		04B273742A5518E400247F47 /* LiveWallpaperView.swift in Sources */ = {isa = PBXBuildFile; fileRef = 04B273732A5518E400247F47 /* LiveWallpaperView.swift */; };
		04B2ADE12A4948430083D8A8 /* OnboardingSubView.swift in Sources */ = {isa = PBXBuildFile; fileRef = 04B2ADE02A4948430083D8A8 /* OnboardingSubView.swift */; };
		04B2ADE32A494C5B0083D8A8 /* UpdateDialog.swift in Sources */ = {isa = PBXBuildFile; fileRef = 04B2ADE22A494C5B0083D8A8 /* UpdateDialog.swift */; };
		04B3BFB729FB627D0080952B /* Item.swift in Sources */ = {isa = PBXBuildFile; fileRef = 04B3BFB629FB627D0080952B /* Item.swift */; };
		04B3BFB929FB71CD0080952B /* CategoryView.swift in Sources */ = {isa = PBXBuildFile; fileRef = 04B3BFB829FB71CD0080952B /* CategoryView.swift */; };
		04B3BFBB29FBA8860080952B /* CategoryViewModel.swift in Sources */ = {isa = PBXBuildFile; fileRef = 04B3BFBA29FBA8860080952B /* CategoryViewModel.swift */; };
		04B5290C2A3825C300069B9B /* DailyGiftDialog.swift in Sources */ = {isa = PBXBuildFile; fileRef = 04B5290B2A3825C300069B9B /* DailyGiftDialog.swift */; };
		04B605952A272534006ED140 /* StoreKit.framework in Frameworks */ = {isa = PBXBuildFile; fileRef = 04B605942A272534006ED140 /* StoreKit.framework */; };
		04BCFA452A81DCD5000B7547 /* SpecialViewModel.swift in Sources */ = {isa = PBXBuildFile; fileRef = 04BCFA442A81DCD5000B7547 /* SpecialViewModel.swift */; };
		04BCFA472A81F533000B7547 /* SpecialObject.swift in Sources */ = {isa = PBXBuildFile; fileRef = 04BCFA462A81F533000B7547 /* SpecialObject.swift */; };
		04BD2BA72A9F25F700D213AE /* video4.mp4 in Resources */ = {isa = PBXBuildFile; fileRef = 04BD2BA52A9F25F600D213AE /* video4.mp4 */; };
		04BD2BA82A9F25F700D213AE /* video_sub_speacial.mp4 in Resources */ = {isa = PBXBuildFile; fileRef = 04BD2BA62A9F25F700D213AE /* video_sub_speacial.mp4 */; };
		04BF84C12A3039F30091BD31 /* LiveWLDetailView.swift in Sources */ = {isa = PBXBuildFile; fileRef = 04BF84C02A3039F30091BD31 /* LiveWLDetailView.swift */; };
		04BF84C32A303C670091BD31 /* ListLiveWLView.swift in Sources */ = {isa = PBXBuildFile; fileRef = 04BF84C22A303C670091BD31 /* ListLiveWLView.swift */; };
		04C1262C2A8622E6002ED9BC /* shuffle_tuto.mp4 in Resources */ = {isa = PBXBuildFile; fileRef = 04C1262B2A8622E6002ED9BC /* shuffle_tuto.mp4 */; };
		04C1262E2A862FDB002ED9BC /* ShuffleTutoView.swift in Sources */ = {isa = PBXBuildFile; fileRef = 04C1262D2A862FDB002ED9BC /* ShuffleTutoView.swift */; };
		04C436EF2A95F46C00DDA76C /* PermissionHelper.swift in Sources */ = {isa = PBXBuildFile; fileRef = 04C436EE2A95F46C00DDA76C /* PermissionHelper.swift */; };
		04DFA2292A83426200649B94 /* SpWLDetailView.swift in Sources */ = {isa = PBXBuildFile; fileRef = 04DFA2282A83426200649B94 /* SpWLDetailView.swift */; };
		181C68462A376EFE00638CA7 /* placeholder_anim.json in Resources */ = {isa = PBXBuildFile; fileRef = 181C68452A376EFE00638CA7 /* placeholder_anim.json */; };
		181C68482A37730100638CA7 /* DateHelper.swift in Sources */ = {isa = PBXBuildFile; fileRef = 181C68472A37730100638CA7 /* DateHelper.swift */; };
		893A5DFD2AC126FD009996C1 /* SpecialContentPremiumDialog.swift in Sources */ = {isa = PBXBuildFile; fileRef = 893A5DFC2AC126FD009996C1 /* SpecialContentPremiumDialog.swift */; };
		893A5DFF2AC143A0009996C1 /* Sub_Event.swift in Sources */ = {isa = PBXBuildFile; fileRef = 893A5DFE2AC143A0009996C1 /* Sub_Event.swift */; };
		893A5E012AC1648C009996C1 /* video4v2.mp4 in Resources */ = {isa = PBXBuildFile; fileRef = 893A5E002AC1648C009996C1 /* video4v2.mp4 */; };
		893A5E032AC17D78009996C1 /* video1.mp4 in Resources */ = {isa = PBXBuildFile; fileRef = 893A5E022AC17D78009996C1 /* video1.mp4 */; };
		899D6EE42AB9A89C003C3B4A /* TagModel.swift in Sources */ = {isa = PBXBuildFile; fileRef = 899D6EE32AB9A89C003C3B4A /* TagModel.swift */; };
		89C589122ABD7F9B005EE7B1 /* live.mp4 in Resources */ = {isa = PBXBuildFile; fileRef = 89C5890F2ABD7F9B005EE7B1 /* live.mp4 */; };
		89C589132ABD7F9B005EE7B1 /* shuffle_packs.mp4 in Resources */ = {isa = PBXBuildFile; fileRef = 89C589102ABD7F9B005EE7B1 /* shuffle_packs.mp4 */; };
		89C589142ABD7F9B005EE7B1 /* depth_effect.mp4 in Resources */ = {isa = PBXBuildFile; fileRef = 89C589112ABD7F9B005EE7B1 /* depth_effect.mp4 */; };
		89C589162ABD9B08005EE7B1 /* Lifecycle.swift in Sources */ = {isa = PBXBuildFile; fileRef = 89C589152ABD9B08005EE7B1 /* Lifecycle.swift */; };
		89E2243E2ABC2FAA0061E1C8 /* ProgressBuySubView.swift in Sources */ = {isa = PBXBuildFile; fileRef = 89E2243D2ABC2FAA0061E1C8 /* ProgressBuySubView.swift */; };
		89E224402ABC308D0061E1C8 /* loadingcat.json in Resources */ = {isa = PBXBuildFile; fileRef = 89E2243F2ABC308D0061E1C8 /* loadingcat.json */; };
		89E224422ABC44B10061E1C8 /* OnboardingVerTwoSubView.swift in Sources */ = {isa = PBXBuildFile; fileRef = 89E224412ABC44B10061E1C8 /* OnboardingVerTwoSubView.swift */; };
/* End PBXBuildFile section */

/* Begin PBXFileReference section */
		040117782A43E88100E3FEE5 /* WallpaperIOS.entitlements */ = {isa = PBXFileReference; lastKnownFileType = text.plist.entitlements; path = WallpaperIOS.entitlements; sourceTree = "<group>"; };
		04069BF92A41916F003B13D5 /* ServerHelper.swift */ = {isa = PBXFileReference; lastKnownFileType = sourcecode.swift; path = ServerHelper.swift; sourceTree = "<group>"; };
		040D28F92A09DFB4008D1A8D /* DownloadFileView.swift */ = {isa = PBXFileReference; lastKnownFileType = sourcecode.swift; path = DownloadFileView.swift; sourceTree = "<group>"; };
		040D28FB2A09E68A008D1A8D /* WLDetailView.swift */ = {isa = PBXFileReference; lastKnownFileType = sourcecode.swift; path = WLDetailView.swift; sourceTree = "<group>"; };
		040FC5552A78B20700CD1DE1 /* SpecialView.swift */ = {isa = PBXFileReference; lastKnownFileType = sourcecode.swift; path = SpecialView.swift; sourceTree = "<group>"; };
		040FC5592A78BD3000CD1DE1 /* ShufflePackView.swift */ = {isa = PBXFileReference; lastKnownFileType = sourcecode.swift; path = ShufflePackView.swift; sourceTree = "<group>"; };
		040FC55B2A78BD4200CD1DE1 /* DynamicView.swift */ = {isa = PBXFileReference; lastKnownFileType = sourcecode.swift; path = DynamicView.swift; sourceTree = "<group>"; };
		040FC55D2A78BD6700CD1DE1 /* DepthEffectView.swift */ = {isa = PBXFileReference; lastKnownFileType = sourcecode.swift; path = DepthEffectView.swift; sourceTree = "<group>"; };
		040FC55F2A78BFB800CD1DE1 /* ShuffleDetailView.swift */ = {isa = PBXFileReference; lastKnownFileType = sourcecode.swift; path = ShuffleDetailView.swift; sourceTree = "<group>"; };
		040FC5612A78C06D00CD1DE1 /* TutorialShuffleView.swift */ = {isa = PBXFileReference; lastKnownFileType = sourcecode.swift; path = TutorialShuffleView.swift; sourceTree = "<group>"; };
		04184B042A03447000ADB328 /* SearchViewModel.swift */ = {isa = PBXFileReference; lastKnownFileType = sourcecode.swift; path = SearchViewModel.swift; sourceTree = "<group>"; };
		04184B062A0356EA00ADB328 /* TagView.swift */ = {isa = PBXFileReference; lastKnownFileType = sourcecode.swift; path = TagView.swift; sourceTree = "<group>"; };
		04184B0A2A03623900ADB328 /* WallpaperOnePageDetails.swift */ = {isa = PBXFileReference; lastKnownFileType = sourcecode.swift; path = WallpaperOnePageDetails.swift; sourceTree = "<group>"; };
		04184B0C2A038F3400ADB328 /* CategoryPageView.swift */ = {isa = PBXFileReference; lastKnownFileType = sourcecode.swift; path = CategoryPageView.swift; sourceTree = "<group>"; };
		04184B102A03ACED00ADB328 /* LiveWallpaperViewModel.swift */ = {isa = PBXFileReference; lastKnownFileType = sourcecode.swift; path = LiveWallpaperViewModel.swift; sourceTree = "<group>"; };
		041C7E162A20472600FB2A61 /* FavoriteViewModel.swift */ = {isa = PBXFileReference; lastKnownFileType = sourcecode.swift; path = FavoriteViewModel.swift; sourceTree = "<group>"; };
		041C7E192A2093D400FB2A61 /* OpenAds.swift */ = {isa = PBXFileReference; lastKnownFileType = sourcecode.swift; path = OpenAds.swift; sourceTree = "<group>"; };
		043374C62A7A530F006BB736 /* TabScrollView.swift */ = {isa = PBXFileReference; lastKnownFileType = sourcecode.swift; path = TabScrollView.swift; sourceTree = "<group>"; };
		043F52582A5407BC003477A1 /* arrow.json */ = {isa = PBXFileReference; fileEncoding = 4; lastKnownFileType = text.json; path = arrow.json; sourceTree = "<group>"; };
		0445199C2A9D9F9800125CB1 /* SubInGridHome.swift */ = {isa = PBXFileReference; lastKnownFileType = sourcecode.swift; path = SubInGridHome.swift; sourceTree = "<group>"; };
		0445199E2A9DA04B00125CB1 /* Sub_1_View.swift */ = {isa = PBXFileReference; lastKnownFileType = sourcecode.swift; path = Sub_1_View.swift; sourceTree = "<group>"; };
		044519A02A9DA05500125CB1 /* Sub_2_View.swift */ = {isa = PBXFileReference; lastKnownFileType = sourcecode.swift; path = Sub_2_View.swift; sourceTree = "<group>"; };
		044519A22A9DA05F00125CB1 /* Sub_3_View.swift */ = {isa = PBXFileReference; lastKnownFileType = sourcecode.swift; path = Sub_3_View.swift; sourceTree = "<group>"; };
		044519A42A9DD96200125CB1 /* premimujson.json */ = {isa = PBXFileReference; fileEncoding = 4; lastKnownFileType = text.json; path = premimujson.json; sourceTree = "<group>"; };
		0455CD132A40483B008B0930 /* BuyCoinView.swift */ = {isa = PBXFileReference; lastKnownFileType = sourcecode.swift; path = BuyCoinView.swift; sourceTree = "<group>"; };
		048C775F2AAAD68400E0D0E3 /* progress.json */ = {isa = PBXFileReference; fileEncoding = 4; lastKnownFileType = text.json; path = progress.json; sourceTree = "<group>"; };
		048C77612AAADAAE00E0D0E3 /* progress_white.json */ = {isa = PBXFileReference; fileEncoding = 4; lastKnownFileType = text.json; path = progress_white.json; sourceTree = "<group>"; };
		048F62D22A0888A700141497 /* TutorialView.swift */ = {isa = PBXFileReference; lastKnownFileType = sourcecode.swift; path = TutorialView.swift; sourceTree = "<group>"; };
		048F62D42A08A84700141497 /* FileSaveViewModel.swift */ = {isa = PBXFileReference; lastKnownFileType = sourcecode.swift; path = FileSaveViewModel.swift; sourceTree = "<group>"; };
		0490B0C72A38677A006D361B /* giftbox.json */ = {isa = PBXFileReference; fileEncoding = 4; lastKnownFileType = text.json; path = giftbox.json; sourceTree = "<group>"; };
		04913D922A80CFD800ADCA2D /* PreCode.swift */ = {isa = PBXFileReference; lastKnownFileType = sourcecode.swift; path = PreCode.swift; sourceTree = "<group>"; };
		049187E329F8D6FC00917B30 /* AnimationEndCallback.swift */ = {isa = PBXFileReference; lastKnownFileType = sourcecode.swift; path = AnimationEndCallback.swift; sourceTree = "<group>"; };
		049187E529F8FF4300917B30 /* MyExtension.swift */ = {isa = PBXFileReference; lastKnownFileType = sourcecode.swift; path = MyExtension.swift; sourceTree = "<group>"; };
		049187E729F902CF00917B30 /* HomeView.swift */ = {isa = PBXFileReference; lastKnownFileType = sourcecode.swift; path = HomeView.swift; sourceTree = "<group>"; };
		049187EA29F9134300917B30 /* FontHelper.swift */ = {isa = PBXFileReference; lastKnownFileType = sourcecode.swift; path = FontHelper.swift; sourceTree = "<group>"; };
		049187F729F9162800917B30 /* Info.plist */ = {isa = PBXFileReference; lastKnownFileType = text.plist; path = Info.plist; sourceTree = "<group>"; };
		0491B5582A1F0D5B0002EB08 /* RewardAd.swift */ = {isa = PBXFileReference; lastKnownFileType = sourcecode.swift; path = RewardAd.swift; sourceTree = "<group>"; };
		0491B55A2A1F43E70002EB08 /* CommandViewModel.swift */ = {isa = PBXFileReference; lastKnownFileType = sourcecode.swift; path = CommandViewModel.swift; sourceTree = "<group>"; };
		04926CDE2A04977A0042FA70 /* AppConfig.swift */ = {isa = PBXFileReference; lastKnownFileType = sourcecode.swift; path = AppConfig.swift; sourceTree = "<group>"; };
		04926CE02A0499E70042FA70 /* ExclusiveView.swift */ = {isa = PBXFileReference; lastKnownFileType = sourcecode.swift; path = ExclusiveView.swift; sourceTree = "<group>"; };
		0495230529F7C6CB004538DD /* WallpaperIOS.app */ = {isa = PBXFileReference; explicitFileType = wrapper.application; includeInIndex = 0; path = WallpaperIOS.app; sourceTree = BUILT_PRODUCTS_DIR; };
		0495230829F7C6CB004538DD /* WallpaperIOSApp.swift */ = {isa = PBXFileReference; lastKnownFileType = sourcecode.swift; path = WallpaperIOSApp.swift; sourceTree = "<group>"; };
		0495230A29F7C6CB004538DD /* ContentView.swift */ = {isa = PBXFileReference; lastKnownFileType = sourcecode.swift; path = ContentView.swift; sourceTree = "<group>"; };
		0495230C29F7C6CD004538DD /* Assets.xcassets */ = {isa = PBXFileReference; lastKnownFileType = folder.assetcatalog; path = Assets.xcassets; sourceTree = "<group>"; };
		0495230F29F7C6CD004538DD /* Preview Assets.xcassets */ = {isa = PBXFileReference; lastKnownFileType = folder.assetcatalog; path = "Preview Assets.xcassets"; sourceTree = "<group>"; };
		0495231129F7C6CD004538DD /* Persistence.swift */ = {isa = PBXFileReference; lastKnownFileType = sourcecode.swift; path = Persistence.swift; sourceTree = "<group>"; };
		0495231429F7C6CD004538DD /* WallpaperIOS.xcdatamodel */ = {isa = PBXFileReference; lastKnownFileType = wrapper.xcdatamodel; path = WallpaperIOS.xcdatamodel; sourceTree = "<group>"; };
		0495231C29F7C712004538DD /* Enum.swift */ = {isa = PBXFileReference; lastKnownFileType = sourcecode.swift; path = Enum.swift; sourceTree = "<group>"; };
		0495232229F7D407004538DD /* ScrollOffsetModifier.swift */ = {isa = PBXFileReference; lastKnownFileType = sourcecode.swift; path = ScrollOffsetModifier.swift; sourceTree = "<group>"; };
		049587A12A4D1C5D00BC5376 /* DailyGiftViewModel.swift */ = {isa = PBXFileReference; lastKnownFileType = sourcecode.swift; path = DailyGiftViewModel.swift; sourceTree = "<group>"; };
		0496723129F9FF9F00E915D2 /* SearchView.swift */ = {isa = PBXFileReference; lastKnownFileType = sourcecode.swift; path = SearchView.swift; sourceTree = "<group>"; };
		0496723629FA0DC400E915D2 /* SlideMenuView.swift */ = {isa = PBXFileReference; lastKnownFileType = sourcecode.swift; path = SlideMenuView.swift; sourceTree = "<group>"; };
		0496723829FA2CB100E915D2 /* DownloadedWallpaperView.swift */ = {isa = PBXFileReference; lastKnownFileType = sourcecode.swift; path = DownloadedWallpaperView.swift; sourceTree = "<group>"; };
		0496723A29FA2CCC00E915D2 /* FavoritedWallpaperView.swift */ = {isa = PBXFileReference; lastKnownFileType = sourcecode.swift; path = FavoritedWallpaperView.swift; sourceTree = "<group>"; };
		0496724729FA637800E915D2 /* TestView.swift */ = {isa = PBXFileReference; lastKnownFileType = sourcecode.swift; path = TestView.swift; sourceTree = "<group>"; };
		049BD56E2A37011D00AB2D22 /* WatchRVGetCoindAndBuySubDialog.swift */ = {isa = PBXFileReference; lastKnownFileType = sourcecode.swift; path = WatchRVGetCoindAndBuySubDialog.swift; sourceTree = "<group>"; };
		049CCA352A11C603003621E9 /* SubcriptionVIew.swift */ = {isa = PBXFileReference; lastKnownFileType = sourcecode.swift; path = SubcriptionVIew.swift; sourceTree = "<group>"; };
		049CCA372A11CB0E003621E9 /* MyStore.swift */ = {isa = PBXFileReference; lastKnownFileType = sourcecode.swift; path = MyStore.swift; sourceTree = "<group>"; };
		049D37B42A1B0C5300AF5BD5 /* BuyWithCoinDialog.swift */ = {isa = PBXFileReference; lastKnownFileType = sourcecode.swift; path = BuyWithCoinDialog.swift; sourceTree = "<group>"; };
		049D37B62A1B1AD100AF5BD5 /* VideoListView.swift */ = {isa = PBXFileReference; lastKnownFileType = sourcecode.swift; path = VideoListView.swift; sourceTree = "<group>"; };
		049D37B82A1B66C800AF5BD5 /* WLStore.storekit */ = {isa = PBXFileReference; lastKnownFileType = text; path = WLStore.storekit; sourceTree = "<group>"; };
		049D991C2A147AAC009DAA07 /* MainView.swift */ = {isa = PBXFileReference; lastKnownFileType = sourcecode.swift; path = MainView.swift; sourceTree = "<group>"; };
		049D99222A14BD65009DAA07 /* ResizableLottieView.swift */ = {isa = PBXFileReference; lastKnownFileType = sourcecode.swift; path = ResizableLottieView.swift; sourceTree = "<group>"; };
		049D99242A14BFCD009DAA07 /* star.json */ = {isa = PBXFileReference; fileEncoding = 4; lastKnownFileType = text.json; path = star.json; sourceTree = "<group>"; };
		049D99262A14C1B6009DAA07 /* viewmore.json */ = {isa = PBXFileReference; fileEncoding = 4; lastKnownFileType = text.json; path = viewmore.json; sourceTree = "<group>"; };
		049D99282A14D09A009DAA07 /* ComponentView.swift */ = {isa = PBXFileReference; lastKnownFileType = sourcecode.swift; path = ComponentView.swift; sourceTree = "<group>"; };
		049EFA542A89CEE70050369D /* preview_shuffle.mp4 */ = {isa = PBXFileReference; lastKnownFileType = file; path = preview_shuffle.mp4; sourceTree = "<group>"; };
		04A1D54B2A1DAA0400853047 /* SplashScreenView.swift */ = {isa = PBXFileReference; lastKnownFileType = sourcecode.swift; path = SplashScreenView.swift; sourceTree = "<group>"; };
		04A627462A132E9600F50E5E /* CompositionalView.swift */ = {isa = PBXFileReference; lastKnownFileType = sourcecode.swift; path = CompositionalView.swift; sourceTree = "<group>"; };
		04A90CAD2AAEAD58007ED3E2 /* SplashView.swift */ = {isa = PBXFileReference; lastKnownFileType = sourcecode.swift; path = SplashView.swift; sourceTree = "<group>"; };
		04AE16142A79F66E008FA3A8 /* BannerAd.swift */ = {isa = PBXFileReference; lastKnownFileType = sourcecode.swift; path = BannerAd.swift; sourceTree = "<group>"; };
		04AF701F2A85D169002338AC /* bg.mp4 */ = {isa = PBXFileReference; lastKnownFileType = file; path = bg.mp4; sourceTree = "<group>"; };
		04AF70202A85D169002338AC /* video3.mp4 */ = {isa = PBXFileReference; lastKnownFileType = file; path = video3.mp4; sourceTree = "<group>"; };
		04AF70222A85D169002338AC /* video2.mp4 */ = {isa = PBXFileReference; lastKnownFileType = file; path = video2.mp4; sourceTree = "<group>"; };
		04AF804F2A25910A0024AF64 /* InterAds.swift */ = {isa = PBXFileReference; lastKnownFileType = sourcecode.swift; path = InterAds.swift; sourceTree = "<group>"; };
		04AF80512A259AE40024AF64 /* LivePhoto.swift */ = {isa = PBXFileReference; lastKnownFileType = sourcecode.swift; path = LivePhoto.swift; sourceTree = "<group>"; };
		04AF80532A25DE6E0024AF64 /* PolicyView.swift */ = {isa = PBXFileReference; lastKnownFileType = sourcecode.swift; path = PolicyView.swift; sourceTree = "<group>"; };
		04B152822A2D9BD5000185FB /* Flurry_iOS_SDK.xcframework */ = {isa = PBXFileReference; lastKnownFileType = wrapper.xcframework; name = Flurry_iOS_SDK.xcframework; path = "Pods/Flurry-iOS-SDK/Flurry_iOS_SDK.xcframework"; sourceTree = "<group>"; };
		04B152862A2D9BDC000185FB /* CrashReporter.xcframework */ = {isa = PBXFileReference; lastKnownFileType = wrapper.xcframework; name = CrashReporter.xcframework; path = "Pods/Flurry-iOS-SDK/CrashReporter.xcframework"; sourceTree = "<group>"; };
		04B152892A2DC4A6000185FB /* FlurryHelper.swift */ = {isa = PBXFileReference; lastKnownFileType = sourcecode.swift; path = FlurryHelper.swift; sourceTree = "<group>"; };
		04B1528D2A2DDE92000185FB /* GoogleService-Info.plist */ = {isa = PBXFileReference; fileEncoding = 4; lastKnownFileType = text.plist.xml; path = "GoogleService-Info.plist"; sourceTree = "<group>"; };
		04B1F8C42A1C514D006F22E8 /* WatchRVtoGetCoinDialog.swift */ = {isa = PBXFileReference; lastKnownFileType = sourcecode.swift; path = WatchRVtoGetCoinDialog.swift; sourceTree = "<group>"; };
		04B1F8D62A1C76E3006F22E8 /* bold.ttf */ = {isa = PBXFileReference; lastKnownFileType = file; path = bold.ttf; sourceTree = "<group>"; };
		04B1F8D82A1C76EE006F22E8 /* italic.ttf */ = {isa = PBXFileReference; lastKnownFileType = file; path = italic.ttf; sourceTree = "<group>"; };
		04B1F8DA2A1C76F6006F22E8 /* regular.ttf */ = {isa = PBXFileReference; lastKnownFileType = file; path = regular.ttf; sourceTree = "<group>"; };
		04B1F8DC2A1C9DD1006F22E8 /* ColorHelper.swift */ = {isa = PBXFileReference; lastKnownFileType = sourcecode.swift; path = ColorHelper.swift; sourceTree = "<group>"; };
		04B1F8DE2A1CB7EA006F22E8 /* WatchRVtoGetWLDialog.swift */ = {isa = PBXFileReference; lastKnownFileType = sourcecode.swift; path = WatchRVtoGetWLDialog.swift; sourceTree = "<group>"; };
		04B273732A5518E400247F47 /* LiveWallpaperView.swift */ = {isa = PBXFileReference; lastKnownFileType = sourcecode.swift; path = LiveWallpaperView.swift; sourceTree = "<group>"; };
		04B2ADE02A4948430083D8A8 /* OnboardingSubView.swift */ = {isa = PBXFileReference; lastKnownFileType = sourcecode.swift; path = OnboardingSubView.swift; sourceTree = "<group>"; };
		04B2ADE22A494C5B0083D8A8 /* UpdateDialog.swift */ = {isa = PBXFileReference; lastKnownFileType = sourcecode.swift; path = UpdateDialog.swift; sourceTree = "<group>"; };
		04B3BFB629FB627D0080952B /* Item.swift */ = {isa = PBXFileReference; lastKnownFileType = sourcecode.swift; path = Item.swift; sourceTree = "<group>"; };
		04B3BFB829FB71CD0080952B /* CategoryView.swift */ = {isa = PBXFileReference; lastKnownFileType = sourcecode.swift; path = CategoryView.swift; sourceTree = "<group>"; };
		04B3BFBA29FBA8860080952B /* CategoryViewModel.swift */ = {isa = PBXFileReference; lastKnownFileType = sourcecode.swift; path = CategoryViewModel.swift; sourceTree = "<group>"; };
		04B5290B2A3825C300069B9B /* DailyGiftDialog.swift */ = {isa = PBXFileReference; lastKnownFileType = sourcecode.swift; path = DailyGiftDialog.swift; sourceTree = "<group>"; };
		04B605942A272534006ED140 /* StoreKit.framework */ = {isa = PBXFileReference; lastKnownFileType = wrapper.framework; name = StoreKit.framework; path = System/Library/Frameworks/StoreKit.framework; sourceTree = SDKROOT; };
		04BCFA442A81DCD5000B7547 /* SpecialViewModel.swift */ = {isa = PBXFileReference; lastKnownFileType = sourcecode.swift; path = SpecialViewModel.swift; sourceTree = "<group>"; };
		04BCFA462A81F533000B7547 /* SpecialObject.swift */ = {isa = PBXFileReference; lastKnownFileType = sourcecode.swift; path = SpecialObject.swift; sourceTree = "<group>"; };
		04BD2BA52A9F25F600D213AE /* video4.mp4 */ = {isa = PBXFileReference; lastKnownFileType = file; path = video4.mp4; sourceTree = "<group>"; };
		04BD2BA62A9F25F700D213AE /* video_sub_speacial.mp4 */ = {isa = PBXFileReference; lastKnownFileType = file; path = video_sub_speacial.mp4; sourceTree = "<group>"; };
		04BF84C02A3039F30091BD31 /* LiveWLDetailView.swift */ = {isa = PBXFileReference; lastKnownFileType = sourcecode.swift; path = LiveWLDetailView.swift; sourceTree = "<group>"; };
		04BF84C22A303C670091BD31 /* ListLiveWLView.swift */ = {isa = PBXFileReference; lastKnownFileType = sourcecode.swift; path = ListLiveWLView.swift; sourceTree = "<group>"; };
		04C1262B2A8622E6002ED9BC /* shuffle_tuto.mp4 */ = {isa = PBXFileReference; lastKnownFileType = file; path = shuffle_tuto.mp4; sourceTree = "<group>"; };
		04C1262D2A862FDB002ED9BC /* ShuffleTutoView.swift */ = {isa = PBXFileReference; lastKnownFileType = sourcecode.swift; path = ShuffleTutoView.swift; sourceTree = "<group>"; };
		04C436EE2A95F46C00DDA76C /* PermissionHelper.swift */ = {isa = PBXFileReference; lastKnownFileType = sourcecode.swift; path = PermissionHelper.swift; sourceTree = "<group>"; };
		04DFA2282A83426200649B94 /* SpWLDetailView.swift */ = {isa = PBXFileReference; lastKnownFileType = sourcecode.swift; path = SpWLDetailView.swift; sourceTree = "<group>"; };
		181C68452A376EFE00638CA7 /* placeholder_anim.json */ = {isa = PBXFileReference; fileEncoding = 4; lastKnownFileType = text.json; path = placeholder_anim.json; sourceTree = "<group>"; };
		181C68472A37730100638CA7 /* DateHelper.swift */ = {isa = PBXFileReference; lastKnownFileType = sourcecode.swift; path = DateHelper.swift; sourceTree = "<group>"; };
		893A5DFC2AC126FD009996C1 /* SpecialContentPremiumDialog.swift */ = {isa = PBXFileReference; lastKnownFileType = sourcecode.swift; path = SpecialContentPremiumDialog.swift; sourceTree = "<group>"; };
		893A5DFE2AC143A0009996C1 /* Sub_Event.swift */ = {isa = PBXFileReference; lastKnownFileType = sourcecode.swift; path = Sub_Event.swift; sourceTree = "<group>"; };
		893A5E002AC1648C009996C1 /* video4v2.mp4 */ = {isa = PBXFileReference; lastKnownFileType = file; name = video4v2.mp4; path = ../../../../../Downloads/video4v2.mp4; sourceTree = "<group>"; };
		893A5E022AC17D78009996C1 /* video1.mp4 */ = {isa = PBXFileReference; lastKnownFileType = file; name = video1.mp4; path = ../../../../../Downloads/video1.mp4; sourceTree = "<group>"; };
		899D6EE32AB9A89C003C3B4A /* TagModel.swift */ = {isa = PBXFileReference; lastKnownFileType = sourcecode.swift; path = TagModel.swift; sourceTree = "<group>"; };
		89C5890F2ABD7F9B005EE7B1 /* live.mp4 */ = {isa = PBXFileReference; lastKnownFileType = file; name = live.mp4; path = ../../../../../Downloads/Intro/live.mp4; sourceTree = "<group>"; };
		89C589102ABD7F9B005EE7B1 /* shuffle_packs.mp4 */ = {isa = PBXFileReference; lastKnownFileType = file; name = shuffle_packs.mp4; path = ../../../../../Downloads/Intro/shuffle_packs.mp4; sourceTree = "<group>"; };
		89C589112ABD7F9B005EE7B1 /* depth_effect.mp4 */ = {isa = PBXFileReference; lastKnownFileType = file; name = depth_effect.mp4; path = ../../../../../Downloads/Intro/depth_effect.mp4; sourceTree = "<group>"; };
		89C589152ABD9B08005EE7B1 /* Lifecycle.swift */ = {isa = PBXFileReference; lastKnownFileType = sourcecode.swift; path = Lifecycle.swift; sourceTree = "<group>"; };
		89E2243D2ABC2FAA0061E1C8 /* ProgressBuySubView.swift */ = {isa = PBXFileReference; lastKnownFileType = sourcecode.swift; path = ProgressBuySubView.swift; sourceTree = "<group>"; };
		89E2243F2ABC308D0061E1C8 /* loadingcat.json */ = {isa = PBXFileReference; fileEncoding = 4; lastKnownFileType = text.json; name = loadingcat.json; path = ../../../../../Downloads/loadingcat.json; sourceTree = "<group>"; };
		89E224412ABC44B10061E1C8 /* OnboardingVerTwoSubView.swift */ = {isa = PBXFileReference; lastKnownFileType = sourcecode.swift; path = OnboardingVerTwoSubView.swift; sourceTree = "<group>"; };
/* End PBXFileReference section */

/* Begin PBXFrameworksBuildPhase section */
		0495230229F7C6CB004538DD /* Frameworks */ = {
			isa = PBXFrameworksBuildPhase;
			buildActionMask = 2147483647;
			files = (
				049360262A2F312C007B8297 /* FirebaseAnalyticsSwift in Frameworks */,
				04B605952A272534006ED140 /* StoreKit.framework in Frameworks */,
				040117772A43E71800E3FEE5 /* FirebaseMessaging in Frameworks */,
				0491B5572A1F0C260002EB08 /* GoogleMobileAds in Frameworks */,
				049D99202A14BD3C009DAA07 /* Lottie in Frameworks */,
				04B152812A2D93B7000185FB /* FirebaseRemoteConfigSwift in Frameworks */,
				04924C222A6682960088D51D /* SDWebImageSwiftUI in Frameworks */,
				0490BF522A283C0C009DF873 /* NavigationTransitions in Frameworks */,
			);
			runOnlyForDeploymentPostprocessing = 0;
		};
/* End PBXFrameworksBuildPhase section */

/* Begin PBXGroup section */
		040D28F82A09DF66008D1A8D /* DownloadedFile */ = {
			isa = PBXGroup;
			children = (
				0496723829FA2CB100E915D2 /* DownloadedWallpaperView.swift */,
				048F62D42A08A84700141497 /* FileSaveViewModel.swift */,
				040D28F92A09DFB4008D1A8D /* DownloadFileView.swift */,
				0496723A29FA2CCC00E915D2 /* FavoritedWallpaperView.swift */,
				041C7E162A20472600FB2A61 /* FavoriteViewModel.swift */,
			);
			path = DownloadedFile;
			sourceTree = "<group>";
		};
		040FC5542A78B1B100CD1DE1 /* UnUse */ = {
			isa = PBXGroup;
			children = (
				04BF84C22A303C670091BD31 /* ListLiveWLView.swift */,
				049D37B62A1B1AD100AF5BD5 /* VideoListView.swift */,
			);
			path = UnUse;
			sourceTree = "<group>";
		};
		040FC5582A78BCF400CD1DE1 /* SpecialGroupView */ = {
			isa = PBXGroup;
			children = (
				040FC5592A78BD3000CD1DE1 /* ShufflePackView.swift */,
				040FC55F2A78BFB800CD1DE1 /* ShuffleDetailView.swift */,
				040FC55B2A78BD4200CD1DE1 /* DynamicView.swift */,
				040FC55D2A78BD6700CD1DE1 /* DepthEffectView.swift */,
				04DFA2282A83426200649B94 /* SpWLDetailView.swift */,
				04C1262D2A862FDB002ED9BC /* ShuffleTutoView.swift */,
			);
			path = SpecialGroupView;
			sourceTree = "<group>";
		};
		041C7E182A2050DC00FB2A61 /* Other */ = {
			isa = PBXGroup;
			children = (
				048F62D22A0888A700141497 /* TutorialView.swift */,
				040FC5612A78C06D00CD1DE1 /* TutorialShuffleView.swift */,
			);
			path = Other;
			sourceTree = "<group>";
		};
		04913D912A80CFCB00ADCA2D /* PreCode */ = {
			isa = PBXGroup;
			children = (
				04913D922A80CFD800ADCA2D /* PreCode.swift */,
			);
			path = PreCode;
			sourceTree = "<group>";
		};
		049187E929F9133300917B30 /* Helper */ = {
			isa = PBXGroup;
			children = (
				04926CDE2A04977A0042FA70 /* AppConfig.swift */,
				049187E529F8FF4300917B30 /* MyExtension.swift */,
				049187EA29F9134300917B30 /* FontHelper.swift */,
				0496724729FA637800E915D2 /* TestView.swift */,
				04B1F8DC2A1C9DD1006F22E8 /* ColorHelper.swift */,
				04AF80512A259AE40024AF64 /* LivePhoto.swift */,
				04B152892A2DC4A6000185FB /* FlurryHelper.swift */,
				181C68472A37730100638CA7 /* DateHelper.swift */,
				04C436EE2A95F46C00DDA76C /* PermissionHelper.swift */,
				89E2243D2ABC2FAA0061E1C8 /* ProgressBuySubView.swift */,
				89C589152ABD9B08005EE7B1 /* Lifecycle.swift */,
			);
			path = Helper;
			sourceTree = "<group>";
		};
		049522FC29F7C6CB004538DD = {
			isa = PBXGroup;
			children = (
				04B1528D2A2DDE92000185FB /* GoogleService-Info.plist */,
				049D37B82A1B66C800AF5BD5 /* WLStore.storekit */,
				0495230729F7C6CB004538DD /* WallpaperIOS */,
				0495230629F7C6CB004538DD /* Products */,
				04B605932A272534006ED140 /* Frameworks */,
				36CE9F6DEF15ED4F87B0BE06 /* Pods */,
			);
			sourceTree = "<group>";
		};
		0495230629F7C6CB004538DD /* Products */ = {
			isa = PBXGroup;
			children = (
				0495230529F7C6CB004538DD /* WallpaperIOS.app */,
			);
			name = Products;
			sourceTree = "<group>";
		};
		0495230729F7C6CB004538DD /* WallpaperIOS */ = {
			isa = PBXGroup;
			children = (
				04A90CAF2AAEBD39007ED3E2 /* Raw */,
				04913D912A80CFCB00ADCA2D /* PreCode */,
				040117782A43E88100E3FEE5 /* WallpaperIOS.entitlements */,
				04A1D54F2A1DAE9800853047 /* Ads */,
				04A1D54A2A1DA9C700853047 /* Dialog */,
				049D99212A14BD47009DAA07 /* LottieAnim */,
				04A627452A132E8200F50E5E /* CustomView */,
				040D28F82A09DF66008D1A8D /* DownloadedFile */,
				0496723C29FA319D00E915D2 /* Font */,
				0496723329FA043000E915D2 /* ViewModel */,
				0496722E29F9FF3F00E915D2 /* View */,
				049187F729F9162800917B30 /* Info.plist */,
				049187E929F9133300917B30 /* Helper */,
				0495231B29F7C706004538DD /* Model */,
				0495230829F7C6CB004538DD /* WallpaperIOSApp.swift */,
				0495230C29F7C6CD004538DD /* Assets.xcassets */,
				0495231129F7C6CD004538DD /* Persistence.swift */,
				0495231329F7C6CD004538DD /* WallpaperIOS.xcdatamodeld */,
				0495230E29F7C6CD004538DD /* Preview Content */,
			);
			path = WallpaperIOS;
			sourceTree = "<group>";
		};
		0495230E29F7C6CD004538DD /* Preview Content */ = {
			isa = PBXGroup;
			children = (
				0495230F29F7C6CD004538DD /* Preview Assets.xcassets */,
			);
			path = "Preview Content";
			sourceTree = "<group>";
		};
		0495231B29F7C706004538DD /* Model */ = {
			isa = PBXGroup;
			children = (
				0495231C29F7C712004538DD /* Enum.swift */,
				04B3BFB629FB627D0080952B /* Item.swift */,
				04BCFA462A81F533000B7547 /* SpecialObject.swift */,
				899D6EE32AB9A89C003C3B4A /* TagModel.swift */,
			);
			path = Model;
			sourceTree = "<group>";
		};
		0495232129F7CFCC004538DD /* TabView */ = {
			isa = PBXGroup;
			children = (
				049187E729F902CF00917B30 /* HomeView.swift */,
				04B3BFB829FB71CD0080952B /* CategoryView.swift */,
				04B273732A5518E400247F47 /* LiveWallpaperView.swift */,
				040FC5552A78B20700CD1DE1 /* SpecialView.swift */,
				04926CE02A0499E70042FA70 /* ExclusiveView.swift */,
			);
			path = TabView;
			sourceTree = "<group>";
		};
		0496722E29F9FF3F00E915D2 /* View */ = {
			isa = PBXGroup;
			children = (
				040FC5582A78BCF400CD1DE1 /* SpecialGroupView */,
				041C7E182A2050DC00FB2A61 /* Other */,
				04A1D54E2A1DAA5700853047 /* HierarchyView */,
				049CCA342A11C5D8003621E9 /* Subcription */,
				0495232129F7CFCC004538DD /* TabView */,
				04A90CB02AAEC15E007ED3E2 /* DetailsView */,
				04184B062A0356EA00ADB328 /* TagView.swift */,
				04184B0C2A038F3400ADB328 /* CategoryPageView.swift */,
				0496723129F9FF9F00E915D2 /* SearchView.swift */,
				040FC5542A78B1B100CD1DE1 /* UnUse */,
			);
			path = View;
			sourceTree = "<group>";
		};
		0496723029F9FF5700E915D2 /* Custom */ = {
			isa = PBXGroup;
			children = (
				0495232229F7D407004538DD /* ScrollOffsetModifier.swift */,
				049187E329F8D6FC00917B30 /* AnimationEndCallback.swift */,
				043374C62A7A530F006BB736 /* TabScrollView.swift */,
			);
			path = Custom;
			sourceTree = "<group>";
		};
		0496723329FA043000E915D2 /* ViewModel */ = {
			isa = PBXGroup;
			children = (
				0491B55A2A1F43E70002EB08 /* CommandViewModel.swift */,
				04BCFA442A81DCD5000B7547 /* SpecialViewModel.swift */,
				04069BF92A41916F003B13D5 /* ServerHelper.swift */,
				04B3BFBA29FBA8860080952B /* CategoryViewModel.swift */,
				04184B042A03447000ADB328 /* SearchViewModel.swift */,
				04184B102A03ACED00ADB328 /* LiveWallpaperViewModel.swift */,
				049587A12A4D1C5D00BC5376 /* DailyGiftViewModel.swift */,
				0496723029F9FF5700E915D2 /* Custom */,
			);
			path = ViewModel;
			sourceTree = "<group>";
		};
		0496723C29FA319D00E915D2 /* Font */ = {
			isa = PBXGroup;
			children = (
				04B1F8DA2A1C76F6006F22E8 /* regular.ttf */,
				04B1F8D82A1C76EE006F22E8 /* italic.ttf */,
				04B1F8D62A1C76E3006F22E8 /* bold.ttf */,
			);
			path = Font;
			sourceTree = "<group>";
		};
		049CCA342A11C5D8003621E9 /* Subcription */ = {
			isa = PBXGroup;
			children = (
				049CCA352A11C603003621E9 /* SubcriptionVIew.swift */,
				049CCA372A11CB0E003621E9 /* MyStore.swift */,
				0455CD132A40483B008B0930 /* BuyCoinView.swift */,
				0445199C2A9D9F9800125CB1 /* SubInGridHome.swift */,
				0445199E2A9DA04B00125CB1 /* Sub_1_View.swift */,
				044519A02A9DA05500125CB1 /* Sub_2_View.swift */,
				044519A22A9DA05F00125CB1 /* Sub_3_View.swift */,
				893A5DFE2AC143A0009996C1 /* Sub_Event.swift */,
				04B2ADE02A4948430083D8A8 /* OnboardingSubView.swift */,
				89E224412ABC44B10061E1C8 /* OnboardingVerTwoSubView.swift */,
			);
			path = Subcription;
			sourceTree = "<group>";
		};
		049D99212A14BD47009DAA07 /* LottieAnim */ = {
			isa = PBXGroup;
			children = (
				049D99222A14BD65009DAA07 /* ResizableLottieView.swift */,
			);
			path = LottieAnim;
			sourceTree = "<group>";
		};
		04A1D54A2A1DA9C700853047 /* Dialog */ = {
			isa = PBXGroup;
			children = (
				049D99282A14D09A009DAA07 /* ComponentView.swift */,
				04B1F8C42A1C514D006F22E8 /* WatchRVtoGetCoinDialog.swift */,
				049BD56E2A37011D00AB2D22 /* WatchRVGetCoindAndBuySubDialog.swift */,
				04B1F8DE2A1CB7EA006F22E8 /* WatchRVtoGetWLDialog.swift */,
				049D37B42A1B0C5300AF5BD5 /* BuyWithCoinDialog.swift */,
				04B5290B2A3825C300069B9B /* DailyGiftDialog.swift */,
				04B2ADE22A494C5B0083D8A8 /* UpdateDialog.swift */,
				893A5DFC2AC126FD009996C1 /* SpecialContentPremiumDialog.swift */,
			);
			path = Dialog;
			sourceTree = "<group>";
		};
		04A1D54E2A1DAA5700853047 /* HierarchyView */ = {
			isa = PBXGroup;
			children = (
				04A90CAD2AAEAD58007ED3E2 /* SplashView.swift */,
				04A1D54B2A1DAA0400853047 /* SplashScreenView.swift */,
				049D991C2A147AAC009DAA07 /* MainView.swift */,
				0496723629FA0DC400E915D2 /* SlideMenuView.swift */,
				04AF80532A25DE6E0024AF64 /* PolicyView.swift */,
				0495230A29F7C6CB004538DD /* ContentView.swift */,
			);
			path = HierarchyView;
			sourceTree = "<group>";
		};
		04A1D54F2A1DAE9800853047 /* Ads */ = {
			isa = PBXGroup;
			children = (
				0491B5582A1F0D5B0002EB08 /* RewardAd.swift */,
				041C7E192A2093D400FB2A61 /* OpenAds.swift */,
				04AF804F2A25910A0024AF64 /* InterAds.swift */,
				04AE16142A79F66E008FA3A8 /* BannerAd.swift */,
			);
			path = Ads;
			sourceTree = "<group>";
		};
		04A627452A132E8200F50E5E /* CustomView */ = {
			isa = PBXGroup;
			children = (
				04A627462A132E9600F50E5E /* CompositionalView.swift */,
			);
			path = CustomView;
			sourceTree = "<group>";
		};
		04A90CAF2AAEBD39007ED3E2 /* Raw */ = {
			isa = PBXGroup;
			children = (
				893A5E022AC17D78009996C1 /* video1.mp4 */,
				893A5E002AC1648C009996C1 /* video4v2.mp4 */,
				89C589112ABD7F9B005EE7B1 /* depth_effect.mp4 */,
				89C5890F2ABD7F9B005EE7B1 /* live.mp4 */,
				89C589102ABD7F9B005EE7B1 /* shuffle_packs.mp4 */,
				89E2243F2ABC308D0061E1C8 /* loadingcat.json */,
				048C77612AAADAAE00E0D0E3 /* progress_white.json */,
				048C775F2AAAD68400E0D0E3 /* progress.json */,
				044519A42A9DD96200125CB1 /* premimujson.json */,
				043F52582A5407BC003477A1 /* arrow.json */,
				0490B0C72A38677A006D361B /* giftbox.json */,
				181C68452A376EFE00638CA7 /* placeholder_anim.json */,
				049D99262A14C1B6009DAA07 /* viewmore.json */,
				049D99242A14BFCD009DAA07 /* star.json */,
				04BD2BA62A9F25F700D213AE /* video_sub_speacial.mp4 */,
				04BD2BA52A9F25F600D213AE /* video4.mp4 */,
				049EFA542A89CEE70050369D /* preview_shuffle.mp4 */,
				04C1262B2A8622E6002ED9BC /* shuffle_tuto.mp4 */,
				04AF701F2A85D169002338AC /* bg.mp4 */,
				04AF70222A85D169002338AC /* video2.mp4 */,
				04AF70202A85D169002338AC /* video3.mp4 */,
			);
			path = Raw;
			sourceTree = "<group>";
		};
		04A90CB02AAEC15E007ED3E2 /* DetailsView */ = {
			isa = PBXGroup;
			children = (
				040D28FB2A09E68A008D1A8D /* WLDetailView.swift */,
				04184B0A2A03623900ADB328 /* WallpaperOnePageDetails.swift */,
				04BF84C02A3039F30091BD31 /* LiveWLDetailView.swift */,
			);
			path = DetailsView;
			sourceTree = "<group>";
		};
		04B605932A272534006ED140 /* Frameworks */ = {
			isa = PBXGroup;
			children = (
				04B152862A2D9BDC000185FB /* CrashReporter.xcframework */,
				04B152822A2D9BD5000185FB /* Flurry_iOS_SDK.xcframework */,
				04B605942A272534006ED140 /* StoreKit.framework */,
			);
			name = Frameworks;
			sourceTree = "<group>";
		};
		36CE9F6DEF15ED4F87B0BE06 /* Pods */ = {
			isa = PBXGroup;
			children = (
			);
			path = Pods;
			sourceTree = "<group>";
		};
/* End PBXGroup section */

/* Begin PBXNativeTarget section */
		0495230429F7C6CB004538DD /* WallpaperIOS */ = {
			isa = PBXNativeTarget;
			buildConfigurationList = 0495231829F7C6CD004538DD /* Build configuration list for PBXNativeTarget "WallpaperIOS" */;
			buildPhases = (
				0495230129F7C6CB004538DD /* Sources */,
				0495230229F7C6CB004538DD /* Frameworks */,
				0495230329F7C6CB004538DD /* Resources */,
			);
			buildRules = (
			);
			dependencies = (
			);
			name = WallpaperIOS;
			packageProductDependencies = (
				049D991F2A14BD3C009DAA07 /* Lottie */,
				0491B5562A1F0C260002EB08 /* GoogleMobileAds */,
				0490BF512A283C0C009DF873 /* NavigationTransitions */,
				04B152802A2D93B7000185FB /* FirebaseRemoteConfigSwift */,
				049360252A2F312C007B8297 /* FirebaseAnalyticsSwift */,
				040117762A43E71800E3FEE5 /* FirebaseMessaging */,
				04924C212A6682960088D51D /* SDWebImageSwiftUI */,
			);
			productName = WallpaperIOS;
			productReference = 0495230529F7C6CB004538DD /* WallpaperIOS.app */;
			productType = "com.apple.product-type.application";
		};
/* End PBXNativeTarget section */

/* Begin PBXProject section */
		049522FD29F7C6CB004538DD /* Project object */ = {
			isa = PBXProject;
			attributes = {
				BuildIndependentTargetsInParallel = 1;
				LastSwiftUpdateCheck = 1420;
				LastUpgradeCheck = 1420;
				TargetAttributes = {
					0495230429F7C6CB004538DD = {
						CreatedOnToolsVersion = 14.2;
					};
				};
			};
			buildConfigurationList = 0495230029F7C6CB004538DD /* Build configuration list for PBXProject "WallpaperIOS" */;
			compatibilityVersion = "Xcode 14.0";
			developmentRegion = en;
			hasScannedForEncodings = 0;
			knownRegions = (
				en,
				Base,
			);
			mainGroup = 049522FC29F7C6CB004538DD;
			packageReferences = (
				049D991E2A14BD3C009DAA07 /* XCRemoteSwiftPackageReference "lottie-ios" */,
				0491B5552A1F0C250002EB08 /* XCRemoteSwiftPackageReference "swift-package-manager-google-mobile-ads" */,
				0490BF502A283C0C009DF873 /* XCRemoteSwiftPackageReference "swiftui-navigation-transitions" */,
				04B1527F2A2D93B7000185FB /* XCRemoteSwiftPackageReference "firebase-ios-sdk" */,
				04924C202A6682960088D51D /* XCRemoteSwiftPackageReference "SDWebImageSwiftUI" */,
			);
			productRefGroup = 0495230629F7C6CB004538DD /* Products */;
			projectDirPath = "";
			projectRoot = "";
			targets = (
				0495230429F7C6CB004538DD /* WallpaperIOS */,
			);
		};
/* End PBXProject section */

/* Begin PBXResourcesBuildPhase section */
		0495230329F7C6CB004538DD /* Resources */ = {
			isa = PBXResourcesBuildPhase;
			buildActionMask = 2147483647;
			files = (
				893A5E032AC17D78009996C1 /* video1.mp4 in Resources */,
				04B1F8DB2A1C76F6006F22E8 /* regular.ttf in Resources */,
				89E224402ABC308D0061E1C8 /* loadingcat.json in Resources */,
				049EFA552A89CEE70050369D /* preview_shuffle.mp4 in Resources */,
				89C589142ABD7F9B005EE7B1 /* depth_effect.mp4 in Resources */,
				04B1F8D72A1C76E3006F22E8 /* bold.ttf in Resources */,
				89C589132ABD7F9B005EE7B1 /* shuffle_packs.mp4 in Resources */,
				04B1528E2A2DDE92000185FB /* GoogleService-Info.plist in Resources */,
				04BD2BA72A9F25F700D213AE /* video4.mp4 in Resources */,
				89C589122ABD7F9B005EE7B1 /* live.mp4 in Resources */,
				0495231029F7C6CD004538DD /* Preview Assets.xcassets in Resources */,
				181C68462A376EFE00638CA7 /* placeholder_anim.json in Resources */,
				04AF70242A85D169002338AC /* video3.mp4 in Resources */,
				04C1262C2A8622E6002ED9BC /* shuffle_tuto.mp4 in Resources */,
				04BD2BA82A9F25F700D213AE /* video_sub_speacial.mp4 in Resources */,
				0490B0C82A38677A006D361B /* giftbox.json in Resources */,
				04AF70262A85D169002338AC /* video2.mp4 in Resources */,
				044519A52A9DD96200125CB1 /* premimujson.json in Resources */,
				04B1F8D92A1C76EE006F22E8 /* italic.ttf in Resources */,
				0495230D29F7C6CD004538DD /* Assets.xcassets in Resources */,
				048C77622AAADAAE00E0D0E3 /* progress_white.json in Resources */,
				048C77602AAAD68400E0D0E3 /* progress.json in Resources */,
				893A5E012AC1648C009996C1 /* video4v2.mp4 in Resources */,
				049D99272A14C1B6009DAA07 /* viewmore.json in Resources */,
				043F52592A5407BC003477A1 /* arrow.json in Resources */,
				04AF70232A85D169002338AC /* bg.mp4 in Resources */,
				049D99252A14BFCD009DAA07 /* star.json in Resources */,
			);
			runOnlyForDeploymentPostprocessing = 0;
		};
/* End PBXResourcesBuildPhase section */

/* Begin PBXSourcesBuildPhase section */
		0495230129F7C6CB004538DD /* Sources */ = {
			isa = PBXSourcesBuildPhase;
			buildActionMask = 2147483647;
			files = (
				040FC55C2A78BD4200CD1DE1 /* DynamicView.swift in Sources */,
				041C7E172A20472600FB2A61 /* FavoriteViewModel.swift in Sources */,
				04A90CAE2AAEAD58007ED3E2 /* SplashView.swift in Sources */,
				04BF84C12A3039F30091BD31 /* LiveWLDetailView.swift in Sources */,
				04B2ADE12A4948430083D8A8 /* OnboardingSubView.swift in Sources */,
				89E224422ABC44B10061E1C8 /* OnboardingVerTwoSubView.swift in Sources */,
				04BF84C32A303C670091BD31 /* ListLiveWLView.swift in Sources */,
				049CCA362A11C603003621E9 /* SubcriptionVIew.swift in Sources */,
				04069BFA2A41916F003B13D5 /* ServerHelper.swift in Sources */,
				04926CDF2A04977A0042FA70 /* AppConfig.swift in Sources */,
				040FC55E2A78BD6700CD1DE1 /* DepthEffectView.swift in Sources */,
				040FC5562A78B20700CD1DE1 /* SpecialView.swift in Sources */,
				04AF80502A25910A0024AF64 /* InterAds.swift in Sources */,
				04AF80542A25DE6E0024AF64 /* PolicyView.swift in Sources */,
				0495231529F7C6CD004538DD /* WallpaperIOS.xcdatamodeld in Sources */,
				0491B55B2A1F43E70002EB08 /* CommandViewModel.swift in Sources */,
				89C589162ABD9B08005EE7B1 /* Lifecycle.swift in Sources */,
				049587A22A4D1C5D00BC5376 /* DailyGiftViewModel.swift in Sources */,
				04B1F8C52A1C514D006F22E8 /* WatchRVtoGetCoinDialog.swift in Sources */,
				040FC5622A78C06D00CD1DE1 /* TutorialShuffleView.swift in Sources */,
				04A627472A132E9600F50E5E /* CompositionalView.swift in Sources */,
				04A1D54C2A1DAA0400853047 /* SplashScreenView.swift in Sources */,
				04C436EF2A95F46C00DDA76C /* PermissionHelper.swift in Sources */,
				049187E429F8D6FC00917B30 /* AnimationEndCallback.swift in Sources */,
				899D6EE42AB9A89C003C3B4A /* TagModel.swift in Sources */,
				04DFA2292A83426200649B94 /* SpWLDetailView.swift in Sources */,
				049BD56F2A37011D00AB2D22 /* WatchRVGetCoindAndBuySubDialog.swift in Sources */,
				040FC55A2A78BD3000CD1DE1 /* ShufflePackView.swift in Sources */,
				049CCA382A11CB0E003621E9 /* MyStore.swift in Sources */,
				04184B112A03ACED00ADB328 /* LiveWallpaperViewModel.swift in Sources */,
				049187E829F902CF00917B30 /* HomeView.swift in Sources */,
				04B1528A2A2DC4A6000185FB /* FlurryHelper.swift in Sources */,
				181C68482A37730100638CA7 /* DateHelper.swift in Sources */,
				040D28FC2A09E68A008D1A8D /* WLDetailView.swift in Sources */,
				0496723929FA2CB100E915D2 /* DownloadedWallpaperView.swift in Sources */,
				04B3BFB929FB71CD0080952B /* CategoryView.swift in Sources */,
				049D37B52A1B0C5300AF5BD5 /* BuyWithCoinDialog.swift in Sources */,
				043374C72A7A530F006BB736 /* TabScrollView.swift in Sources */,
				040FC5602A78BFB800CD1DE1 /* ShuffleDetailView.swift in Sources */,
				0496723229F9FF9F00E915D2 /* SearchView.swift in Sources */,
				04AE16152A79F66E008FA3A8 /* BannerAd.swift in Sources */,
				04BCFA452A81DCD5000B7547 /* SpecialViewModel.swift in Sources */,
				049187EB29F9134300917B30 /* FontHelper.swift in Sources */,
				04BCFA472A81F533000B7547 /* SpecialObject.swift in Sources */,
				04926CE12A0499E70042FA70 /* ExclusiveView.swift in Sources */,
				04B1F8DF2A1CB7EA006F22E8 /* WatchRVtoGetWLDialog.swift in Sources */,
				04B5290C2A3825C300069B9B /* DailyGiftDialog.swift in Sources */,
				0495231229F7C6CD004538DD /* Persistence.swift in Sources */,
				040D28FA2A09DFB4008D1A8D /* DownloadFileView.swift in Sources */,
				04AF80522A259AE40024AF64 /* LivePhoto.swift in Sources */,
				049D99232A14BD65009DAA07 /* ResizableLottieView.swift in Sources */,
				0496724829FA637800E915D2 /* TestView.swift in Sources */,
				048F62D52A08A84700141497 /* FileSaveViewModel.swift in Sources */,
				0495232329F7D407004538DD /* ScrollOffsetModifier.swift in Sources */,
				04C1262E2A862FDB002ED9BC /* ShuffleTutoView.swift in Sources */,
				04B3BFB729FB627D0080952B /* Item.swift in Sources */,
				048F62D32A0888A700141497 /* TutorialView.swift in Sources */,
				04B3BFBB29FBA8860080952B /* CategoryViewModel.swift in Sources */,
				049D99292A14D09A009DAA07 /* ComponentView.swift in Sources */,
				0445199D2A9D9F9800125CB1 /* SubInGridHome.swift in Sources */,
				044519A32A9DA05F00125CB1 /* Sub_3_View.swift in Sources */,
				04B273742A5518E400247F47 /* LiveWallpaperView.swift in Sources */,
				04184B072A0356EA00ADB328 /* TagView.swift in Sources */,
				04B2ADE32A494C5B0083D8A8 /* UpdateDialog.swift in Sources */,
				04B1F8DD2A1C9DD1006F22E8 /* ColorHelper.swift in Sources */,
				041C7E1A2A2093D400FB2A61 /* OpenAds.swift in Sources */,
				049D991D2A147AAC009DAA07 /* MainView.swift in Sources */,
				044519A12A9DA05500125CB1 /* Sub_2_View.swift in Sources */,
				04184B0B2A03623900ADB328 /* WallpaperOnePageDetails.swift in Sources */,
				049187E629F8FF4300917B30 /* MyExtension.swift in Sources */,
				049D37B72A1B1AD100AF5BD5 /* VideoListView.swift in Sources */,
				04184B052A03447000ADB328 /* SearchViewModel.swift in Sources */,
				0495230B29F7C6CB004538DD /* ContentView.swift in Sources */,
				0455CD142A40483B008B0930 /* BuyCoinView.swift in Sources */,
				0495231D29F7C712004538DD /* Enum.swift in Sources */,
				04913D932A80CFD800ADCA2D /* PreCode.swift in Sources */,
				0491B5592A1F0D5C0002EB08 /* RewardAd.swift in Sources */,
				893A5DFD2AC126FD009996C1 /* SpecialContentPremiumDialog.swift in Sources */,
				0495230929F7C6CB004538DD /* WallpaperIOSApp.swift in Sources */,
				04184B0D2A038F3400ADB328 /* CategoryPageView.swift in Sources */,
				0496723B29FA2CCC00E915D2 /* FavoritedWallpaperView.swift in Sources */,
				89E2243E2ABC2FAA0061E1C8 /* ProgressBuySubView.swift in Sources */,
				0496723729FA0DC400E915D2 /* SlideMenuView.swift in Sources */,
				0445199F2A9DA04B00125CB1 /* Sub_1_View.swift in Sources */,
				893A5DFF2AC143A0009996C1 /* Sub_Event.swift in Sources */,
			);
			runOnlyForDeploymentPostprocessing = 0;
		};
/* End PBXSourcesBuildPhase section */

/* Begin XCBuildConfiguration section */
		0495231629F7C6CD004538DD /* Debug */ = {
			isa = XCBuildConfiguration;
			buildSettings = {
				ALWAYS_SEARCH_USER_PATHS = NO;
				CLANG_ANALYZER_NONNULL = YES;
				CLANG_ANALYZER_NUMBER_OBJECT_CONVERSION = YES_AGGRESSIVE;
				CLANG_CXX_LANGUAGE_STANDARD = "gnu++20";
				CLANG_ENABLE_MODULES = YES;
				CLANG_ENABLE_OBJC_ARC = YES;
				CLANG_ENABLE_OBJC_WEAK = YES;
				CLANG_WARN_BLOCK_CAPTURE_AUTORELEASING = YES;
				CLANG_WARN_BOOL_CONVERSION = YES;
				CLANG_WARN_COMMA = YES;
				CLANG_WARN_CONSTANT_CONVERSION = YES;
				CLANG_WARN_DEPRECATED_OBJC_IMPLEMENTATIONS = YES;
				CLANG_WARN_DIRECT_OBJC_ISA_USAGE = YES_ERROR;
				CLANG_WARN_DOCUMENTATION_COMMENTS = YES;
				CLANG_WARN_EMPTY_BODY = YES;
				CLANG_WARN_ENUM_CONVERSION = YES;
				CLANG_WARN_INFINITE_RECURSION = YES;
				CLANG_WARN_INT_CONVERSION = YES;
				CLANG_WARN_NON_LITERAL_NULL_CONVERSION = YES;
				CLANG_WARN_OBJC_IMPLICIT_RETAIN_SELF = YES;
				CLANG_WARN_OBJC_LITERAL_CONVERSION = YES;
				CLANG_WARN_OBJC_ROOT_CLASS = YES_ERROR;
				CLANG_WARN_QUOTED_INCLUDE_IN_FRAMEWORK_HEADER = YES;
				CLANG_WARN_RANGE_LOOP_ANALYSIS = YES;
				CLANG_WARN_STRICT_PROTOTYPES = YES;
				CLANG_WARN_SUSPICIOUS_MOVE = YES;
				CLANG_WARN_UNGUARDED_AVAILABILITY = YES_AGGRESSIVE;
				CLANG_WARN_UNREACHABLE_CODE = YES;
				CLANG_WARN__DUPLICATE_METHOD_MATCH = YES;
				COPY_PHASE_STRIP = NO;
				DEBUG_INFORMATION_FORMAT = dwarf;
				ENABLE_STRICT_OBJC_MSGSEND = YES;
				ENABLE_TESTABILITY = YES;
				GCC_C_LANGUAGE_STANDARD = gnu11;
				GCC_DYNAMIC_NO_PIC = NO;
				GCC_NO_COMMON_BLOCKS = YES;
				GCC_OPTIMIZATION_LEVEL = 0;
				GCC_PREPROCESSOR_DEFINITIONS = (
					"DEBUG=1",
					"$(inherited)",
				);
				GCC_WARN_64_TO_32_BIT_CONVERSION = YES;
				GCC_WARN_ABOUT_RETURN_TYPE = YES_ERROR;
				GCC_WARN_UNDECLARED_SELECTOR = YES;
				GCC_WARN_UNINITIALIZED_AUTOS = YES_AGGRESSIVE;
				GCC_WARN_UNUSED_FUNCTION = YES;
				GCC_WARN_UNUSED_VARIABLE = YES;
				IPHONEOS_DEPLOYMENT_TARGET = 16.6;
				MTL_ENABLE_DEBUG_INFO = INCLUDE_SOURCE;
				MTL_FAST_MATH = YES;
				ONLY_ACTIVE_ARCH = YES;
				SDKROOT = iphoneos;
				SWIFT_ACTIVE_COMPILATION_CONDITIONS = DEBUG;
				SWIFT_OPTIMIZATION_LEVEL = "-Onone";
			};
			name = Debug;
		};
		0495231729F7C6CD004538DD /* Release */ = {
			isa = XCBuildConfiguration;
			buildSettings = {
				ALWAYS_SEARCH_USER_PATHS = NO;
				CLANG_ANALYZER_NONNULL = YES;
				CLANG_ANALYZER_NUMBER_OBJECT_CONVERSION = YES_AGGRESSIVE;
				CLANG_CXX_LANGUAGE_STANDARD = "gnu++20";
				CLANG_ENABLE_MODULES = YES;
				CLANG_ENABLE_OBJC_ARC = YES;
				CLANG_ENABLE_OBJC_WEAK = YES;
				CLANG_WARN_BLOCK_CAPTURE_AUTORELEASING = YES;
				CLANG_WARN_BOOL_CONVERSION = YES;
				CLANG_WARN_COMMA = YES;
				CLANG_WARN_CONSTANT_CONVERSION = YES;
				CLANG_WARN_DEPRECATED_OBJC_IMPLEMENTATIONS = YES;
				CLANG_WARN_DIRECT_OBJC_ISA_USAGE = YES_ERROR;
				CLANG_WARN_DOCUMENTATION_COMMENTS = YES;
				CLANG_WARN_EMPTY_BODY = YES;
				CLANG_WARN_ENUM_CONVERSION = YES;
				CLANG_WARN_INFINITE_RECURSION = YES;
				CLANG_WARN_INT_CONVERSION = YES;
				CLANG_WARN_NON_LITERAL_NULL_CONVERSION = YES;
				CLANG_WARN_OBJC_IMPLICIT_RETAIN_SELF = YES;
				CLANG_WARN_OBJC_LITERAL_CONVERSION = YES;
				CLANG_WARN_OBJC_ROOT_CLASS = YES_ERROR;
				CLANG_WARN_QUOTED_INCLUDE_IN_FRAMEWORK_HEADER = YES;
				CLANG_WARN_RANGE_LOOP_ANALYSIS = YES;
				CLANG_WARN_STRICT_PROTOTYPES = YES;
				CLANG_WARN_SUSPICIOUS_MOVE = YES;
				CLANG_WARN_UNGUARDED_AVAILABILITY = YES_AGGRESSIVE;
				CLANG_WARN_UNREACHABLE_CODE = YES;
				CLANG_WARN__DUPLICATE_METHOD_MATCH = YES;
				COPY_PHASE_STRIP = NO;
				DEBUG_INFORMATION_FORMAT = "dwarf-with-dsym";
				ENABLE_NS_ASSERTIONS = NO;
				ENABLE_STRICT_OBJC_MSGSEND = YES;
				GCC_C_LANGUAGE_STANDARD = gnu11;
				GCC_NO_COMMON_BLOCKS = YES;
				GCC_WARN_64_TO_32_BIT_CONVERSION = YES;
				GCC_WARN_ABOUT_RETURN_TYPE = YES_ERROR;
				GCC_WARN_UNDECLARED_SELECTOR = YES;
				GCC_WARN_UNINITIALIZED_AUTOS = YES_AGGRESSIVE;
				GCC_WARN_UNUSED_FUNCTION = YES;
				GCC_WARN_UNUSED_VARIABLE = YES;
				IPHONEOS_DEPLOYMENT_TARGET = 16.6;
				MTL_ENABLE_DEBUG_INFO = NO;
				MTL_FAST_MATH = YES;
				SDKROOT = iphoneos;
				SWIFT_COMPILATION_MODE = wholemodule;
				SWIFT_OPTIMIZATION_LEVEL = "-O";
				VALIDATE_PRODUCT = YES;
			};
			name = Release;
		};
		0495231929F7C6CD004538DD /* Debug */ = {
			isa = XCBuildConfiguration;
			buildSettings = {
				ASSETCATALOG_COMPILER_APPICON_NAME = AppIcon;
				ASSETCATALOG_COMPILER_GLOBAL_ACCENT_COLOR_NAME = AccentColor;
				CODE_SIGN_ENTITLEMENTS = WallpaperIOS/WallpaperIOS.entitlements;
				CODE_SIGN_IDENTITY = "Apple Development";
				CODE_SIGN_STYLE = Automatic;
				CURRENT_PROJECT_VERSION = 1;
				DEVELOPMENT_ASSET_PATHS = "\"WallpaperIOS/Preview Content\"";
				DEVELOPMENT_TEAM = 9984TDX9XM;
				ENABLE_PREVIEWS = YES;
				EXCLUDED_ARCHS = "";
				GENERATE_INFOPLIST_FILE = YES;
				INFOPLIST_FILE = WallpaperIOS/Info.plist;
				INFOPLIST_KEY_CFBundleDisplayName = Wallive;
				INFOPLIST_KEY_NSPhotoLibraryAddUsageDescription = "Save wallpaper to Photo Library!";
				INFOPLIST_KEY_NSPhotoLibraryUsageDescription = "Save wallpaper to Photo Library!";
				INFOPLIST_KEY_UIApplicationSceneManifest_Generation = YES;
				INFOPLIST_KEY_UIApplicationSupportsIndirectInputEvents = YES;
				INFOPLIST_KEY_UILaunchScreen_Generation = YES;
				INFOPLIST_KEY_UIRequiresFullScreen = YES;
				INFOPLIST_KEY_UISupportedInterfaceOrientations = UIInterfaceOrientationPortrait;
				IPHONEOS_DEPLOYMENT_TARGET = 15.0;
				LD_RUNPATH_SEARCH_PATHS = (
					"$(inherited)",
					"@executable_path/Frameworks",
				);
				MARKETING_VERSION = 1.1.9;
				OTHER_LDFLAGS = "-ObjC";
				PRODUCT_BUNDLE_IDENTIFIER = com.ezt.wallpp.hd4k;
				PRODUCT_NAME = "$(TARGET_NAME)";
				PROVISIONING_PROFILE_SPECIFIER = "";
				SUPPORTED_PLATFORMS = "iphoneos iphonesimulator";
				SUPPORTS_MACCATALYST = NO;
				SUPPORTS_MAC_DESIGNED_FOR_IPHONE_IPAD = NO;
				SWIFT_EMIT_LOC_STRINGS = YES;
				SWIFT_VERSION = 5.0;
				TARGETED_DEVICE_FAMILY = 1;
			};
			name = Debug;
		};
		0495231A29F7C6CD004538DD /* Release */ = {
			isa = XCBuildConfiguration;
			buildSettings = {
				ASSETCATALOG_COMPILER_APPICON_NAME = AppIcon;
				ASSETCATALOG_COMPILER_GLOBAL_ACCENT_COLOR_NAME = AccentColor;
				CODE_SIGN_ENTITLEMENTS = WallpaperIOS/WallpaperIOS.entitlements;
				CODE_SIGN_IDENTITY = "Apple Development";
				CODE_SIGN_STYLE = Automatic;
				CURRENT_PROJECT_VERSION = 1;
				DEVELOPMENT_ASSET_PATHS = "\"WallpaperIOS/Preview Content\"";
				DEVELOPMENT_TEAM = 9984TDX9XM;
				ENABLE_PREVIEWS = YES;
				EXCLUDED_ARCHS = "";
				GENERATE_INFOPLIST_FILE = YES;
				INFOPLIST_FILE = WallpaperIOS/Info.plist;
				INFOPLIST_KEY_CFBundleDisplayName = Wallive;
				INFOPLIST_KEY_NSPhotoLibraryAddUsageDescription = "Save wallpaper to Photo Library!";
				INFOPLIST_KEY_NSPhotoLibraryUsageDescription = "Save wallpaper to Photo Library!";
				INFOPLIST_KEY_UIApplicationSceneManifest_Generation = YES;
				INFOPLIST_KEY_UIApplicationSupportsIndirectInputEvents = YES;
				INFOPLIST_KEY_UILaunchScreen_Generation = YES;
				INFOPLIST_KEY_UIRequiresFullScreen = YES;
				INFOPLIST_KEY_UISupportedInterfaceOrientations = UIInterfaceOrientationPortrait;
				IPHONEOS_DEPLOYMENT_TARGET = 15.0;
				LD_RUNPATH_SEARCH_PATHS = (
					"$(inherited)",
					"@executable_path/Frameworks",
				);
				MARKETING_VERSION = 1.1.9;
				OTHER_LDFLAGS = "-ObjC";
				PRODUCT_BUNDLE_IDENTIFIER = com.ezt.wallpp.hd4k;
				PRODUCT_NAME = "$(TARGET_NAME)";
				PROVISIONING_PROFILE_SPECIFIER = "";
				SUPPORTED_PLATFORMS = "iphoneos iphonesimulator";
				SUPPORTS_MACCATALYST = NO;
				SUPPORTS_MAC_DESIGNED_FOR_IPHONE_IPAD = NO;
				SWIFT_EMIT_LOC_STRINGS = YES;
				SWIFT_VERSION = 5.0;
				TARGETED_DEVICE_FAMILY = 1;
			};
			name = Release;
		};
/* End XCBuildConfiguration section */

/* Begin XCConfigurationList section */
		0495230029F7C6CB004538DD /* Build configuration list for PBXProject "WallpaperIOS" */ = {
			isa = XCConfigurationList;
			buildConfigurations = (
				0495231629F7C6CD004538DD /* Debug */,
				0495231729F7C6CD004538DD /* Release */,
			);
			defaultConfigurationIsVisible = 0;
			defaultConfigurationName = Release;
		};
		0495231829F7C6CD004538DD /* Build configuration list for PBXNativeTarget "WallpaperIOS" */ = {
			isa = XCConfigurationList;
			buildConfigurations = (
				0495231929F7C6CD004538DD /* Debug */,
				0495231A29F7C6CD004538DD /* Release */,
			);
			defaultConfigurationIsVisible = 0;
			defaultConfigurationName = Release;
		};
/* End XCConfigurationList section */

/* Begin XCRemoteSwiftPackageReference section */
		0490BF502A283C0C009DF873 /* XCRemoteSwiftPackageReference "swiftui-navigation-transitions" */ = {
			isa = XCRemoteSwiftPackageReference;
			repositoryURL = "https://github.com/davdroman/swiftui-navigation-transitions";
			requirement = {
				kind = upToNextMajorVersion;
				minimumVersion = 0.9.0;
			};
		};
		0491B5552A1F0C250002EB08 /* XCRemoteSwiftPackageReference "swift-package-manager-google-mobile-ads" */ = {
			isa = XCRemoteSwiftPackageReference;
			repositoryURL = "https://github.com/googleads/swift-package-manager-google-mobile-ads.git";
			requirement = {
				branch = main;
				kind = branch;
			};
		};
		04924C202A6682960088D51D /* XCRemoteSwiftPackageReference "SDWebImageSwiftUI" */ = {
			isa = XCRemoteSwiftPackageReference;
			repositoryURL = "https://github.com/SDWebImage/SDWebImageSwiftUI.git";
			requirement = {
				kind = upToNextMajorVersion;
				minimumVersion = 2.0.0;
			};
		};
		049D991E2A14BD3C009DAA07 /* XCRemoteSwiftPackageReference "lottie-ios" */ = {
			isa = XCRemoteSwiftPackageReference;
			repositoryURL = "https://github.com/airbnb/lottie-ios";
			requirement = {
				branch = master;
				kind = branch;
			};
		};
		04B1527F2A2D93B7000185FB /* XCRemoteSwiftPackageReference "firebase-ios-sdk" */ = {
			isa = XCRemoteSwiftPackageReference;
			repositoryURL = "https://github.com/firebase/firebase-ios-sdk";
			requirement = {
				branch = master;
				kind = branch;
			};
		};
/* End XCRemoteSwiftPackageReference section */

/* Begin XCSwiftPackageProductDependency section */
		040117762A43E71800E3FEE5 /* FirebaseMessaging */ = {
			isa = XCSwiftPackageProductDependency;
			package = 04B1527F2A2D93B7000185FB /* XCRemoteSwiftPackageReference "firebase-ios-sdk" */;
			productName = FirebaseMessaging;
		};
		0490BF512A283C0C009DF873 /* NavigationTransitions */ = {
			isa = XCSwiftPackageProductDependency;
			package = 0490BF502A283C0C009DF873 /* XCRemoteSwiftPackageReference "swiftui-navigation-transitions" */;
			productName = NavigationTransitions;
		};
		0491B5562A1F0C260002EB08 /* GoogleMobileAds */ = {
			isa = XCSwiftPackageProductDependency;
			package = 0491B5552A1F0C250002EB08 /* XCRemoteSwiftPackageReference "swift-package-manager-google-mobile-ads" */;
			productName = GoogleMobileAds;
		};
		04924C212A6682960088D51D /* SDWebImageSwiftUI */ = {
			isa = XCSwiftPackageProductDependency;
			package = 04924C202A6682960088D51D /* XCRemoteSwiftPackageReference "SDWebImageSwiftUI" */;
			productName = SDWebImageSwiftUI;
		};
		049360252A2F312C007B8297 /* FirebaseAnalyticsSwift */ = {
			isa = XCSwiftPackageProductDependency;
			package = 04B1527F2A2D93B7000185FB /* XCRemoteSwiftPackageReference "firebase-ios-sdk" */;
			productName = FirebaseAnalyticsSwift;
		};
		049D991F2A14BD3C009DAA07 /* Lottie */ = {
			isa = XCSwiftPackageProductDependency;
			package = 049D991E2A14BD3C009DAA07 /* XCRemoteSwiftPackageReference "lottie-ios" */;
			productName = Lottie;
		};
		04B152802A2D93B7000185FB /* FirebaseRemoteConfigSwift */ = {
			isa = XCSwiftPackageProductDependency;
			package = 04B1527F2A2D93B7000185FB /* XCRemoteSwiftPackageReference "firebase-ios-sdk" */;
			productName = FirebaseRemoteConfigSwift;
		};
/* End XCSwiftPackageProductDependency section */

/* Begin XCVersionGroup section */
		0495231329F7C6CD004538DD /* WallpaperIOS.xcdatamodeld */ = {
			isa = XCVersionGroup;
			children = (
				0495231429F7C6CD004538DD /* WallpaperIOS.xcdatamodel */,
			);
			currentVersion = 0495231429F7C6CD004538DD /* WallpaperIOS.xcdatamodel */;
			path = WallpaperIOS.xcdatamodeld;
			sourceTree = "<group>";
			versionGroupType = wrapper.xcdatamodel;
		};
/* End XCVersionGroup section */
	};
	rootObject = 049522FD29F7C6CB004538DD /* Project object */;
}
